
Microsoft Visual Studio Solution File, Format Version 12.00
# Visual Studio Version 17
VisualStudioVersion = 17.5.33516.290
MinimumVisualStudioVersion = 10.0.40219.1
Project("{9A19103F-16F7-4668-BE54-9A1E7A4F7556}") = "SCGraphTheory.Documentation", "SCGraphTheory.Documentation\SCGraphTheory.Documentation.csproj", "{344BD64F-85A1-4C39-AC07-FC3AD4809E6C}"
EndProject
Project("{2150E333-8FDC-42A3-9474-1A3956D46DE8}") = "Repo Items", "Repo Items", "{1210DF84-D44D-432C-848E-0AD703ECF3F3}"
	ProjectSection(SolutionItems) = preProject
		..\.gitattributes = ..\.gitattributes
		..\.gitignore = ..\.gitignore
		..\.github\workflows\DeployDocsToGitHubPages.yml = ..\.github\workflows\DeployDocsToGitHubPages.yml
	EndProjectSection
EndProject
Global
	GlobalSection(SolutionConfigurationPlatforms) = preSolution
		Debug|Any CPU = Debug|Any CPU
		Release|Any CPU = Release|Any CPU
	EndGlobalSection
	GlobalSection(ProjectConfigurationPlatforms) = postSolution
		{344BD64F-85A1-4C39-AC07-FC3AD4809E6C}.Debug|Any CPU.ActiveCfg = Debug|Any CPU
		{344BD64F-85A1-4C39-AC07-FC3AD4809E6C}.Debug|Any CPU.Build.0 = Debug|Any CPU
		{344BD64F-85A1-4C39-AC07-FC3AD4809E6C}.Release|Any CPU.ActiveCfg = Release|Any CPU
		{344BD64F-85A1-4C39-AC07-FC3AD4809E6C}.Release|Any CPU.Build.0 = Release|Any CPU
	EndGlobalSection
	GlobalSection(SolutionProperties) = preSolution
		HideSolutionNode = FALSE
	EndGlobalSection
	GlobalSection(ExtensibilityGlobals) = postSolution
		SolutionGuid = {88704218-FC55-4B91-9329-3DE646B02464}
	EndGlobalSection
EndGlobal
